
Microsoft Visual Studio Solution File, Format Version 12.00
# Visual Studio Version 17
VisualStudioVersion = 17.1.32407.343
MinimumVisualStudioVersion = 10.0.40219.1
Project("{FAE04EC0-301F-11D3-BF4B-00C04F79EFBC}") = "wpf_chart", "wpf_chart\wpf_chart.csproj", "{5E781CDA-DBFD-47A6-97F1-50C9641DB383}"
EndProject
Global
	GlobalSection(SolutionConfigurationPlatforms) = preSolution
		Debug|Any CPU = Debug|Any CPU
		Release|Any CPU = Release|Any CPU
	EndGlobalSection
	GlobalSection(ProjectConfigurationPlatforms) = postSolution
		{5E781CDA-DBFD-47A6-97F1-50C9641DB383}.Debug|Any CPU.ActiveCfg = Debug|Any CPU
		{5E781CDA-DBFD-47A6-97F1-50C9641DB383}.Debug|Any CPU.Build.0 = Debug|Any CPU
		{5E781CDA-DBFD-47A6-97F1-50C9641DB383}.Release|Any CPU.ActiveCfg = Release|Any CPU
		{5E781CDA-DBFD-47A6-97F1-50C9641DB383}.Release|Any CPU.Build.0 = Release|Any CPU
	EndGlobalSection
	GlobalSection(SolutionProperties) = preSolution
		HideSolutionNode = FALSE
	EndGlobalSection
	GlobalSection(ExtensibilityGlobals) = postSolution
		SolutionGuid = {F7234FD3-258C-4DF0-97AD-10D7F6248047}
	EndGlobalSection
EndGlobal
